// !$*UTF8*$!
{
	archiveVersion = 1;
	classes = {
	};
	objectVersion = 50;
	objects = {

/* Begin PBXBuildFile section */
		2090653E25FD26FE00A6FC95 /* AppDelegate.swift in Sources */ = {isa = PBXBuildFile; fileRef = 2090653D25FD26FE00A6FC95 /* AppDelegate.swift */; };
		2090654225FD26FE00A6FC95 /* ViewController.swift in Sources */ = {isa = PBXBuildFile; fileRef = 2090654125FD26FE00A6FC95 /* ViewController.swift */; };
		2090654725FD270100A6FC95 /* Assets.xcassets in Resources */ = {isa = PBXBuildFile; fileRef = 2090654625FD270100A6FC95 /* Assets.xcassets */; };
		2090654A25FD270100A6FC95 /* LaunchScreen.storyboard in Resources */ = {isa = PBXBuildFile; fileRef = 2090654825FD270100A6FC95 /* LaunchScreen.storyboard */; };
		B6FAB53014E938AC1EB5B9F7 /* Pods_CoreAPIExample.framework in Frameworks */ = {isa = PBXBuildFile; fileRef = 00C6A06A1E71B805A7FD17DC /* Pods_CoreAPIExample.framework */; };
/* End PBXBuildFile section */

/* Begin PBXFileReference section */
		00C6A06A1E71B805A7FD17DC /* Pods_CoreAPIExample.framework */ = {isa = PBXFileReference; explicitFileType = wrapper.framework; includeInIndex = 0; path = Pods_CoreAPIExample.framework; sourceTree = BUILT_PRODUCTS_DIR; };
		2090653A25FD26FE00A6FC95 /* CoreAPIExample.app */ = {isa = PBXFileReference; explicitFileType = wrapper.application; includeInIndex = 0; path = CoreAPIExample.app; sourceTree = BUILT_PRODUCTS_DIR; };
		2090653D25FD26FE00A6FC95 /* AppDelegate.swift */ = {isa = PBXFileReference; lastKnownFileType = sourcecode.swift; path = AppDelegate.swift; sourceTree = "<group>"; };
		2090654125FD26FE00A6FC95 /* ViewController.swift */ = {isa = PBXFileReference; lastKnownFileType = sourcecode.swift; path = ViewController.swift; sourceTree = "<group>"; };
		2090654625FD270100A6FC95 /* Assets.xcassets */ = {isa = PBXFileReference; lastKnownFileType = folder.assetcatalog; path = Assets.xcassets; sourceTree = "<group>"; };
		2090654925FD270100A6FC95 /* Base */ = {isa = PBXFileReference; lastKnownFileType = file.storyboard; name = Base; path = Base.lproj/LaunchScreen.storyboard; sourceTree = "<group>"; };
		2090654B25FD270100A6FC95 /* Info.plist */ = {isa = PBXFileReference; lastKnownFileType = text.plist.xml; path = Info.plist; sourceTree = "<group>"; };
		53B75B50124579FA92617CD8 /* Pods-CoreAPIExample.debug.xcconfig */ = {isa = PBXFileReference; includeInIndex = 1; lastKnownFileType = text.xcconfig; name = "Pods-CoreAPIExample.debug.xcconfig"; path = "Target Support Files/Pods-CoreAPIExample/Pods-CoreAPIExample.debug.xcconfig"; sourceTree = "<group>"; };
		925517BD1158C92C437D4B41 /* Pods-CoreAPIExample.release.xcconfig */ = {isa = PBXFileReference; includeInIndex = 1; lastKnownFileType = text.xcconfig; name = "Pods-CoreAPIExample.release.xcconfig"; path = "Target Support Files/Pods-CoreAPIExample/Pods-CoreAPIExample.release.xcconfig"; sourceTree = "<group>"; };
/* End PBXFileReference section */

/* Begin PBXFrameworksBuildPhase section */
		2090653725FD26FE00A6FC95 /* Frameworks */ = {
			isa = PBXFrameworksBuildPhase;
			buildActionMask = 2147483647;
			files = (
				B6FAB53014E938AC1EB5B9F7 /* Pods_CoreAPIExample.framework in Frameworks */,
			);
			runOnlyForDeploymentPostprocessing = 0;
		};
/* End PBXFrameworksBuildPhase section */

/* Begin PBXGroup section */
		2090653125FD26FE00A6FC95 = {
			isa = PBXGroup;
			children = (
				2090653C25FD26FE00A6FC95 /* CoreAPIExample */,
				2090653B25FD26FE00A6FC95 /* Products */,
				3CDA55F63E9E22AC4E1D93FD /* Pods */,
				DCE12BBDA14F76F483875099 /* Frameworks */,
			);
			sourceTree = "<group>";
		};
		2090653B25FD26FE00A6FC95 /* Products */ = {
			isa = PBXGroup;
			children = (
				2090653A25FD26FE00A6FC95 /* CoreAPIExample.app */,
			);
			name = Products;
			sourceTree = "<group>";
		};
		2090653C25FD26FE00A6FC95 /* CoreAPIExample */ = {
			isa = PBXGroup;
			children = (
				2090653D25FD26FE00A6FC95 /* AppDelegate.swift */,
				2090654125FD26FE00A6FC95 /* ViewController.swift */,
				2090654625FD270100A6FC95 /* Assets.xcassets */,
				2090654825FD270100A6FC95 /* LaunchScreen.storyboard */,
				2090654B25FD270100A6FC95 /* Info.plist */,
			);
			path = CoreAPIExample;
			sourceTree = "<group>";
		};
		3CDA55F63E9E22AC4E1D93FD /* Pods */ = {
			isa = PBXGroup;
			children = (
				53B75B50124579FA92617CD8 /* Pods-CoreAPIExample.debug.xcconfig */,
				925517BD1158C92C437D4B41 /* Pods-CoreAPIExample.release.xcconfig */,
			);
			name = Pods;
			path = Pods;
			sourceTree = "<group>";
		};
		DCE12BBDA14F76F483875099 /* Frameworks */ = {
			isa = PBXGroup;
			children = (
				00C6A06A1E71B805A7FD17DC /* Pods_CoreAPIExample.framework */,
			);
			name = Frameworks;
			sourceTree = "<group>";
		};
/* End PBXGroup section */

/* Begin PBXNativeTarget section */
		2090653925FD26FE00A6FC95 /* CoreAPIExample */ = {
			isa = PBXNativeTarget;
			buildConfigurationList = 2090654E25FD270100A6FC95 /* Build configuration list for PBXNativeTarget "CoreAPIExample" */;
			buildPhases = (
				F4A0753F8E5608D00B334967 /* [CP] Check Pods Manifest.lock */,
				2090653625FD26FE00A6FC95 /* Sources */,
				2090653725FD26FE00A6FC95 /* Frameworks */,
				2090653825FD26FE00A6FC95 /* Resources */,
				D6B9CDB501C25629C09672D5 /* [CP] Embed Pods Frameworks */,
			);
			buildRules = (
			);
			dependencies = (
			);
			name = CoreAPIExample;
			productName = CoreAPIExample;
			productReference = 2090653A25FD26FE00A6FC95 /* CoreAPIExample.app */;
			productType = "com.apple.product-type.application";
		};
/* End PBXNativeTarget section */

/* Begin PBXProject section */
		2090653225FD26FE00A6FC95 /* Project object */ = {
			isa = PBXProject;
			attributes = {
				LastSwiftUpdateCheck = 1240;
				LastUpgradeCheck = 1240;
				TargetAttributes = {
					2090653925FD26FE00A6FC95 = {
						CreatedOnToolsVersion = 12.4;
					};
				};
			};
			buildConfigurationList = 2090653525FD26FE00A6FC95 /* Build configuration list for PBXProject "CoreAPIExample" */;
			compatibilityVersion = "Xcode 9.3";
			developmentRegion = en;
			hasScannedForEncodings = 0;
			knownRegions = (
				en,
				Base,
			);
			mainGroup = 2090653125FD26FE00A6FC95;
			productRefGroup = 2090653B25FD26FE00A6FC95 /* Products */;
			projectDirPath = "";
			projectRoot = "";
			targets = (
				2090653925FD26FE00A6FC95 /* CoreAPIExample */,
			);
		};
/* End PBXProject section */

/* Begin PBXResourcesBuildPhase section */
		2090653825FD26FE00A6FC95 /* Resources */ = {
			isa = PBXResourcesBuildPhase;
			buildActionMask = 2147483647;
			files = (
				2090654A25FD270100A6FC95 /* LaunchScreen.storyboard in Resources */,
				2090654725FD270100A6FC95 /* Assets.xcassets in Resources */,
			);
			runOnlyForDeploymentPostprocessing = 0;
		};
/* End PBXResourcesBuildPhase section */

/* Begin PBXShellScriptBuildPhase section */
		D6B9CDB501C25629C09672D5 /* [CP] Embed Pods Frameworks */ = {
			isa = PBXShellScriptBuildPhase;
			buildActionMask = 2147483647;
			files = (
			);
			inputFileListPaths = (
				"${PODS_ROOT}/Target Support Files/Pods-CoreAPIExample/Pods-CoreAPIExample-frameworks-${CONFIGURATION}-input-files.xcfilelist",
			);
			name = "[CP] Embed Pods Frameworks";
			outputFileListPaths = (
				"${PODS_ROOT}/Target Support Files/Pods-CoreAPIExample/Pods-CoreAPIExample-frameworks-${CONFIGURATION}-output-files.xcfilelist",
			);
			runOnlyForDeploymentPostprocessing = 0;
			shellPath = /bin/sh;
			shellScript = "\"${PODS_ROOT}/Target Support Files/Pods-CoreAPIExample/Pods-CoreAPIExample-frameworks.sh\"\n";
			showEnvVarsInLog = 0;
		};
		F4A0753F8E5608D00B334967 /* [CP] Check Pods Manifest.lock */ = {
			isa = PBXShellScriptBuildPhase;
			buildActionMask = 2147483647;
			files = (
			);
			inputFileListPaths = (
			);
			inputPaths = (
				"${PODS_PODFILE_DIR_PATH}/Podfile.lock",
				"${PODS_ROOT}/Manifest.lock",
			);
			name = "[CP] Check Pods Manifest.lock";
			outputFileListPaths = (
			);
			outputPaths = (
				"$(DERIVED_FILE_DIR)/Pods-CoreAPIExample-checkManifestLockResult.txt",
			);
			runOnlyForDeploymentPostprocessing = 0;
			shellPath = /bin/sh;
			shellScript = "diff \"${PODS_PODFILE_DIR_PATH}/Podfile.lock\" \"${PODS_ROOT}/Manifest.lock\" > /dev/null\nif [ $? != 0 ] ; then\n    # print error to STDERR\n    echo \"error: The sandbox is not in sync with the Podfile.lock. Run 'pod install' or update your CocoaPods installation.\" >&2\n    exit 1\nfi\n# This output is used by Xcode 'outputs' to avoid re-running this script phase.\necho \"SUCCESS\" > \"${SCRIPT_OUTPUT_FILE_0}\"\n";
			showEnvVarsInLog = 0;
		};
/* End PBXShellScriptBuildPhase section */

/* Begin PBXSourcesBuildPhase section */
		2090653625FD26FE00A6FC95 /* Sources */ = {
			isa = PBXSourcesBuildPhase;
			buildActionMask = 2147483647;
			files = (
				2090654225FD26FE00A6FC95 /* ViewController.swift in Sources */,
				2090653E25FD26FE00A6FC95 /* AppDelegate.swift in Sources */,
			);
			runOnlyForDeploymentPostprocessing = 0;
		};
/* End PBXSourcesBuildPhase section */

/* Begin PBXVariantGroup section */
		2090654825FD270100A6FC95 /* LaunchScreen.storyboard */ = {
			isa = PBXVariantGroup;
			children = (
				2090654925FD270100A6FC95 /* Base */,
			);
			name = LaunchScreen.storyboard;
			sourceTree = "<group>";
		};
/* End PBXVariantGroup section */

/* Begin XCBuildConfiguration section */
		2090654C25FD270100A6FC95 /* Debug */ = {
			isa = XCBuildConfiguration;
			buildSettings = {
				ALWAYS_SEARCH_USER_PATHS = NO;
				CLANG_ANALYZER_NONNULL = YES;
				CLANG_ANALYZER_NUMBER_OBJECT_CONVERSION = YES_AGGRESSIVE;
				CLANG_CXX_LANGUAGE_STANDARD = "gnu++14";
				CLANG_CXX_LIBRARY = "libc++";
				CLANG_ENABLE_MODULES = YES;
				CLANG_ENABLE_OBJC_ARC = YES;
				CLANG_ENABLE_OBJC_WEAK = YES;
				CLANG_WARN_BLOCK_CAPTURE_AUTORELEASING = YES;
				CLANG_WARN_BOOL_CONVERSION = YES;
				CLANG_WARN_COMMA = YES;
				CLANG_WARN_CONSTANT_CONVERSION = YES;
				CLANG_WARN_DEPRECATED_OBJC_IMPLEMENTATIONS = YES;
				CLANG_WARN_DIRECT_OBJC_ISA_USAGE = YES_ERROR;
				CLANG_WARN_DOCUMENTATION_COMMENTS = YES;
				CLANG_WARN_EMPTY_BODY = YES;
				CLANG_WARN_ENUM_CONVERSION = YES;
				CLANG_WARN_INFINITE_RECURSION = YES;
				CLANG_WARN_INT_CONVERSION = YES;
				CLANG_WARN_NON_LITERAL_NULL_CONVERSION = YES;
				CLANG_WARN_OBJC_IMPLICIT_RETAIN_SELF = YES;
				CLANG_WARN_OBJC_LITERAL_CONVERSION = YES;
				CLANG_WARN_OBJC_ROOT_CLASS = YES_ERROR;
				CLANG_WARN_QUOTED_INCLUDE_IN_FRAMEWORK_HEADER = YES;
				CLANG_WARN_RANGE_LOOP_ANALYSIS = YES;
				CLANG_WARN_STRICT_PROTOTYPES = YES;
				CLANG_WARN_SUSPICIOUS_MOVE = YES;
				CLANG_WARN_UNGUARDED_AVAILABILITY = YES_AGGRESSIVE;
				CLANG_WARN_UNREACHABLE_CODE = YES;
				CLANG_WARN__DUPLICATE_METHOD_MATCH = YES;
				COPY_PHASE_STRIP = NO;
				DEBUG_INFORMATION_FORMAT = dwarf;
				ENABLE_STRICT_OBJC_MSGSEND = YES;
				ENABLE_TESTABILITY = YES;
				GCC_C_LANGUAGE_STANDARD = gnu11;
				GCC_DYNAMIC_NO_PIC = NO;
				GCC_NO_COMMON_BLOCKS = YES;
				GCC_OPTIMIZATION_LEVEL = 0;
				GCC_PREPROCESSOR_DEFINITIONS = (
					"DEBUG=1",
					"$(inherited)",
				);
				GCC_WARN_64_TO_32_BIT_CONVERSION = YES;
				GCC_WARN_ABOUT_RETURN_TYPE = YES_ERROR;
				GCC_WARN_UNDECLARED_SELECTOR = YES;
				GCC_WARN_UNINITIALIZED_AUTOS = YES_AGGRESSIVE;
				GCC_WARN_UNUSED_FUNCTION = YES;
				GCC_WARN_UNUSED_VARIABLE = YES;
				IPHONEOS_DEPLOYMENT_TARGET = 12.1;
				MTL_ENABLE_DEBUG_INFO = INCLUDE_SOURCE;
				MTL_FAST_MATH = YES;
				ONLY_ACTIVE_ARCH = YES;
				SDKROOT = iphoneos;
				SWIFT_ACTIVE_COMPILATION_CONDITIONS = DEBUG;
				SWIFT_OPTIMIZATION_LEVEL = "-Onone";
			};
			name = Debug;
		};
		2090654D25FD270100A6FC95 /* Release */ = {
			isa = XCBuildConfiguration;
			buildSettings = {
				ALWAYS_SEARCH_USER_PATHS = NO;
				CLANG_ANALYZER_NONNULL = YES;
				CLANG_ANALYZER_NUMBER_OBJECT_CONVERSION = YES_AGGRESSIVE;
				CLANG_CXX_LANGUAGE_STANDARD = "gnu++14";
				CLANG_CXX_LIBRARY = "libc++";
				CLANG_ENABLE_MODULES = YES;
				CLANG_ENABLE_OBJC_ARC = YES;
				CLANG_ENABLE_OBJC_WEAK = YES;
				CLANG_WARN_BLOCK_CAPTURE_AUTORELEASING = YES;
				CLANG_WARN_BOOL_CONVERSION = YES;
				CLANG_WARN_COMMA = YES;
				CLANG_WARN_CONSTANT_CONVERSION = YES;
				CLANG_WARN_DEPRECATED_OBJC_IMPLEMENTATIONS = YES;
				CLANG_WARN_DIRECT_OBJC_ISA_USAGE = YES_ERROR;
				CLANG_WARN_DOCUMENTATION_COMMENTS = YES;
				CLANG_WARN_EMPTY_BODY = YES;
				CLANG_WARN_ENUM_CONVERSION = YES;
				CLANG_WARN_INFINITE_RECURSION = YES;
				CLANG_WARN_INT_CONVERSION = YES;
				CLANG_WARN_NON_LITERAL_NULL_CONVERSION = YES;
				CLANG_WARN_OBJC_IMPLICIT_RETAIN_SELF = YES;
				CLANG_WARN_OBJC_LITERAL_CONVERSION = YES;
				CLANG_WARN_OBJC_ROOT_CLASS = YES_ERROR;
				CLANG_WARN_QUOTED_INCLUDE_IN_FRAMEWORK_HEADER = YES;
				CLANG_WARN_RANGE_LOOP_ANALYSIS = YES;
				CLANG_WARN_STRICT_PROTOTYPES = YES;
				CLANG_WARN_SUSPICIOUS_MOVE = YES;
				CLANG_WARN_UNGUARDED_AVAILABILITY = YES_AGGRESSIVE;
				CLANG_WARN_UNREACHABLE_CODE = YES;
				CLANG_WARN__DUPLICATE_METHOD_MATCH = YES;
				COPY_PHASE_STRIP = NO;
				DEBUG_INFORMATION_FORMAT = "dwarf-with-dsym";
				ENABLE_NS_ASSERTIONS = NO;
				ENABLE_STRICT_OBJC_MSGSEND = YES;
				GCC_C_LANGUAGE_STANDARD = gnu11;
				GCC_NO_COMMON_BLOCKS = YES;
				GCC_WARN_64_TO_32_BIT_CONVERSION = YES;
				GCC_WARN_ABOUT_RETURN_TYPE = YES_ERROR;
				GCC_WARN_UNDECLARED_SELECTOR = YES;
				GCC_WARN_UNINITIALIZED_AUTOS = YES_AGGRESSIVE;
				GCC_WARN_UNUSED_FUNCTION = YES;
				GCC_WARN_UNUSED_VARIABLE = YES;
				IPHONEOS_DEPLOYMENT_TARGET = 12.1;
				MTL_ENABLE_DEBUG_INFO = NO;
				MTL_FAST_MATH = YES;
				SDKROOT = iphoneos;
				SWIFT_COMPILATION_MODE = wholemodule;
				SWIFT_OPTIMIZATION_LEVEL = "-O";
				VALIDATE_PRODUCT = YES;
			};
			name = Release;
		};
		2090654F25FD270100A6FC95 /* Debug */ = {
			isa = XCBuildConfiguration;
			baseConfigurationReference = 53B75B50124579FA92617CD8 /* Pods-CoreAPIExample.debug.xcconfig */;
			buildSettings = {
				ASSETCATALOG_COMPILER_APPICON_NAME = AppIcon;
				ASSETCATALOG_COMPILER_GLOBAL_ACCENT_COLOR_NAME = AccentColor;
				CODE_SIGN_STYLE = Automatic;
				DEVELOPMENT_TEAM = 8RAQ8S5H7N;
				INFOPLIST_FILE = CoreAPIExample/Info.plist;
				LD_RUNPATH_SEARCH_PATHS = (
					"$(inherited)",
					"@executable_path/Frameworks",
				);
				PRODUCT_BUNDLE_IDENTIFIER = com.allwhitetown.CoreAPIExample;
				PRODUCT_NAME = "$(TARGET_NAME)";
				SWIFT_VERSION = 5.0;
				TARGETED_DEVICE_FAMILY = "1,2";
			};
			name = Debug;
		};
		2090655025FD270100A6FC95 /* Release */ = {
			isa = XCBuildConfiguration;
			baseConfigurationReference = 925517BD1158C92C437D4B41 /* Pods-CoreAPIExample.release.xcconfig */;
			buildSettings = {
				ASSETCATALOG_COMPILER_APPICON_NAME = AppIcon;
				ASSETCATALOG_COMPILER_GLOBAL_ACCENT_COLOR_NAME = AccentColor;
				CODE_SIGN_STYLE = Automatic;
				DEVELOPMENT_TEAM = 8RAQ8S5H7N;
				INFOPLIST_FILE = CoreAPIExample/Info.plist;
				LD_RUNPATH_SEARCH_PATHS = (
					"$(inherited)",
					"@executable_path/Frameworks",
				);
				PRODUCT_BUNDLE_IDENTIFIER = com.allwhitetown.CoreAPIExample;
				PRODUCT_NAME = "$(TARGET_NAME)";
				SWIFT_VERSION = 5.0;
				TARGETED_DEVICE_FAMILY = "1,2";
			};
			name = Release;
		};
/* End XCBuildConfiguration section */

/* Begin XCConfigurationList section */
		2090653525FD26FE00A6FC95 /* Build configuration list for PBXProject "CoreAPIExample" */ = {
			isa = XCConfigurationList;
			buildConfigurations = (
				2090654C25FD270100A6FC95 /* Debug */,
				2090654D25FD270100A6FC95 /* Release */,
			);
			defaultConfigurationIsVisible = 0;
			defaultConfigurationName = Release;
		};
		2090654E25FD270100A6FC95 /* Build configuration list for PBXNativeTarget "CoreAPIExample" */ = {
			isa = XCConfigurationList;
			buildConfigurations = (
				2090654F25FD270100A6FC95 /* Debug */,
				2090655025FD270100A6FC95 /* Release */,
			);
			defaultConfigurationIsVisible = 0;
			defaultConfigurationName = Release;
		};
/* End XCConfigurationList section */
	};
	rootObject = 2090653225FD26FE00A6FC95 /* Project object */;
}
